
Microsoft Visual Studio Solution File, Format Version 12.00
# Visual Studio Version 17
VisualStudioVersion = 17.4.33213.308
MinimumVisualStudioVersion = 10.0.40219.1
Project("{FAE04EC0-301F-11D3-BF4B-00C04F79EFBC}") = "SendPulseSdk", "SendPulseSdk\SendPulseSdk.csproj", "{46A651EF-DD26-4FDA-A498-86FA93EDF258}"
EndProject
Global
	GlobalSection(SolutionConfigurationPlatforms) = preSolution
		Debug|Any CPU = Debug|Any CPU
		Release|Any CPU = Release|Any CPU
	EndGlobalSection
	GlobalSection(ProjectConfigurationPlatforms) = postSolution
		{46A651EF-DD26-4FDA-A498-86FA93EDF258}.Debug|Any CPU.ActiveCfg = Debug|Any CPU
		{46A651EF-DD26-4FDA-A498-86FA93EDF258}.Debug|Any CPU.Build.0 = Debug|Any CPU
		{46A651EF-DD26-4FDA-A498-86FA93EDF258}.Release|Any CPU.ActiveCfg = Release|Any CPU
		{46A651EF-DD26-4FDA-A498-86FA93EDF258}.Release|Any CPU.Build.0 = Release|Any CPU
	EndGlobalSection
	GlobalSection(SolutionProperties) = preSolution
		HideSolutionNode = FALSE
	EndGlobalSection
	GlobalSection(ExtensibilityGlobals) = postSolution
		SolutionGuid = {67B9AF09-74FC-4ED2-BEF2-B6A42243DFBD}
	EndGlobalSection
EndGlobal
